{
  "name": "tools",
  "lockfileVersion": 3,
  "requires": true,
  "packages": {
    "": {
      "devDependencies": {
        "abnf": "^2.0.0",
        "xmldom": "^0.6.0",
        "xpath": "^0.0.34"
      }
    },
    "node_modules/abnf": {
      "version": "2.0.0",
      "resolved": "https://registry.npmjs.org/abnf/-/abnf-2.0.0.tgz",
      "integrity": "sha512-fiqyukBFG/5/J0W02Drsa15nCjJapNZLN9JS1mOhpN7AWKbQ9I46xiaRQtLC5dUOjnds7yqnhWSRuxme2j7lWQ==",
      "dev": true,
      "dependencies": {
        "commander": "^11.0.0",
        "peggy": "^3.0.2"
      },
      "bin": {
        "abnf_ast": "bin/abnf_ast.js"
      },
      "engines": {
        "node": ">=16"
      }
    },
    "node_modules/commander": {
      "version": "11.1.0",
      "resolved": "https://registry.npmjs.org/commander/-/commander-11.1.0.tgz",
      "integrity": "sha512-yPVavfyCcRhmorC7rWlkHn15b4wDVgVmBA7kV4QVBsF7kv/9TKJAbAXVTxvTnwP8HHKjRCJDClKbciiYS7p0DQ==",
      "dev": true,
      "engines": {
        "node": ">=16"
      }
    },
    "node_modules/peggy": {
      "version": "3.0.2",
      "resolved": "https://registry.npmjs.org/peggy/-/peggy-3.0.2.tgz",
      "integrity": "sha512-n7chtCbEoGYRwZZ0i/O3t1cPr6o+d9Xx4Zwy2LYfzv0vjchMBU0tO+qYYyvZloBPcgRgzYvALzGWHe609JjEpg==",
      "dev": true,
      "dependencies": {
        "commander": "^10.0.0",
        "source-map-generator": "0.8.0"
      },
      "bin": {
        "peggy": "bin/peggy.js"
      },
      "engines": {
        "node": ">=14"
      }
    },
    "node_modules/peggy/node_modules/commander": {
      "version": "10.0.1",
      "resolved": "https://registry.npmjs.org/commander/-/commander-10.0.1.tgz",
      "integrity": "sha512-y4Mg2tXshplEbSGzx7amzPwKKOCGuoSRP/CjEdwwk0FOGlUbq6lKuoyDZTNZkmxHdJtp54hdfY/JUrdL7Xfdug==",
      "dev": true,
      "engines": {
        "node": ">=14"
      }
    },
    "node_modules/source-map-generator": {
      "version": "0.8.0",
      "resolved": "https://registry.npmjs.org/source-map-generator/-/source-map-generator-0.8.0.tgz",
      "integrity": "sha512-psgxdGMwl5MZM9S3FWee4EgsEaIjahYV5AzGnwUvPhWeITz/j6rKpysQHlQ4USdxvINlb8lKfWGIXwfkrgtqkA==",
      "dev": true,
      "engines": {
        "node": ">= 10"
      }
    },
    "node_modules/xmldom": {
      "version": "0.6.0",
      "resolved": "https://registry.npmjs.org/xmldom/-/xmldom-0.6.0.tgz",
      "integrity": "sha512-iAcin401y58LckRZ0TkI4k0VSM1Qg0KGSc3i8rU+xrxe19A/BN1zHyVSJY7uoutVlaTSzYyk/v5AmkewAP7jtg==",
      "dev": true,
      "engines": {
        "node": ">=10.0.0"
      }
    },
    "node_modules/xpath": {
      "version": "0.0.34",
      "resolved": "https://registry.npmjs.org/xpath/-/xpath-0.0.34.tgz",
      "integrity": "sha512-FxF6+rkr1rNSQrhUNYrAFJpRXNzlDoMxeXN5qI84939ylEv3qqPFKa85Oxr6tDaJKqwW6KKyo2v26TSv3k6LeA==",
      "dev": true,
      "engines": {
        "node": ">=0.6.0"
      }
    }
  }
}
